
Microsoft Visual Studio Solution File, Format Version 12.00
# Visual Studio Version 17
VisualStudioVersion = 17.14.36429.23 d17.14
MinimumVisualStudioVersion = 10.0.40219.1
Project("{FAE04EC0-301F-11D3-BF4B-00C04F79EFBC}") = "ExaminationSystemEF", "ExaminationSystemEF\ExaminationSystemEF.csproj", "{8A5C256A-3320-411F-948C-BD75F284A8F0}"
EndProject
Global
	GlobalSection(SolutionConfigurationPlatforms) = preSolution
		Debug|Any CPU = Debug|Any CPU
		Release|Any CPU = Release|Any CPU
	EndGlobalSection
	GlobalSection(ProjectConfigurationPlatforms) = postSolution
		{8A5C256A-3320-411F-948C-BD75F284A8F0}.Debug|Any CPU.ActiveCfg = Debug|Any CPU
		{8A5C256A-3320-411F-948C-BD75F284A8F0}.Debug|Any CPU.Build.0 = Debug|Any CPU
		{8A5C256A-3320-411F-948C-BD75F284A8F0}.Release|Any CPU.ActiveCfg = Release|Any CPU
		{8A5C256A-3320-411F-948C-BD75F284A8F0}.Release|Any CPU.Build.0 = Release|Any CPU
	EndGlobalSection
	GlobalSection(SolutionProperties) = preSolution
		HideSolutionNode = FALSE
	EndGlobalSection
	GlobalSection(ExtensibilityGlobals) = postSolution
		SolutionGuid = {CB805B08-7FDE-4C0F-9ADE-915BA0A0CD8B}
	EndGlobalSection
EndGlobal
