
Microsoft Visual Studio Solution File, Format Version 12.00
# Visual Studio Version 17
VisualStudioVersion = 17.14.36429.23 d17.14
MinimumVisualStudioVersion = 10.0.40219.1
Project("{FAE04EC0-301F-11D3-BF4B-00C04F79EFBC}") = "EmployeeApi2", "EmployeeApi2\EmployeeApi2.csproj", "{F83C6D87-B181-4BED-85D4-E5699BE34109}"
EndProject
Global
	GlobalSection(SolutionConfigurationPlatforms) = preSolution
		Debug|Any CPU = Debug|Any CPU
		Release|Any CPU = Release|Any CPU
	EndGlobalSection
	GlobalSection(ProjectConfigurationPlatforms) = postSolution
		{F83C6D87-B181-4BED-85D4-E5699BE34109}.Debug|Any CPU.ActiveCfg = Debug|Any CPU
		{F83C6D87-B181-4BED-85D4-E5699BE34109}.Debug|Any CPU.Build.0 = Debug|Any CPU
		{F83C6D87-B181-4BED-85D4-E5699BE34109}.Release|Any CPU.ActiveCfg = Release|Any CPU
		{F83C6D87-B181-4BED-85D4-E5699BE34109}.Release|Any CPU.Build.0 = Release|Any CPU
	EndGlobalSection
	GlobalSection(SolutionProperties) = preSolution
		HideSolutionNode = FALSE
	EndGlobalSection
	GlobalSection(ExtensibilityGlobals) = postSolution
		SolutionGuid = {9DA36098-4503-4E01-924F-6C2366ED5068}
	EndGlobalSection
EndGlobal
